// !$*UTF8*$!
{
	archiveVersion = 1;
	classes = {
	};
	objectVersion = 46;
	objects = {

/* Begin PBXBuildFile section */
		12BB6A181B692A0600FC48C3 /* main.m in Sources */ = {isa = PBXBuildFile; fileRef = 12BB6A171B692A0600FC48C3 /* main.m */; };
		12BB6A1B1B692A0600FC48C3 /* AppDelegate.m in Sources */ = {isa = PBXBuildFile; fileRef = 12BB6A1A1B692A0600FC48C3 /* AppDelegate.m */; };
		12BB6A1E1B692A0600FC48C3 /* ViewController.m in Sources */ = {isa = PBXBuildFile; fileRef = 12BB6A1D1B692A0600FC48C3 /* ViewController.m */; };
		12BB6A211B692A0600FC48C3 /* Main.storyboard in Resources */ = {isa = PBXBuildFile; fileRef = 12BB6A1F1B692A0600FC48C3 /* Main.storyboard */; };
		12BB6A231B692A0600FC48C3 /* Images.xcassets in Resources */ = {isa = PBXBuildFile; fileRef = 12BB6A221B692A0600FC48C3 /* Images.xcassets */; };
		12BB6A261B692A0600FC48C3 /* LaunchScreen.xib in Resources */ = {isa = PBXBuildFile; fileRef = 12BB6A241B692A0600FC48C3 /* LaunchScreen.xib */; };
		12BB6A321B692A0600FC48C3 /* SinaStatusTests.m in Sources */ = {isa = PBXBuildFile; fileRef = 12BB6A311B692A0600FC48C3 /* SinaStatusTests.m */; };
/* End PBXBuildFile section */

/* Begin PBXContainerItemProxy section */
		12BB6A2C1B692A0600FC48C3 /* PBXContainerItemProxy */ = {
			isa = PBXContainerItemProxy;
			containerPortal = 12BB6A0A1B692A0600FC48C3 /* Project object */;
			proxyType = 1;
			remoteGlobalIDString = 12BB6A111B692A0600FC48C3;
			remoteInfo = SinaStatus;
		};
/* End PBXContainerItemProxy section */

/* Begin PBXFileReference section */
		12BB6A121B692A0600FC48C3 /* SinaStatus.app */ = {isa = PBXFileReference; explicitFileType = wrapper.application; includeInIndex = 0; path = SinaStatus.app; sourceTree = BUILT_PRODUCTS_DIR; };
		12BB6A161B692A0600FC48C3 /* Info.plist */ = {isa = PBXFileReference; lastKnownFileType = text.plist.xml; path = Info.plist; sourceTree = "<group>"; };
		12BB6A171B692A0600FC48C3 /* main.m */ = {isa = PBXFileReference; lastKnownFileType = sourcecode.c.objc; path = main.m; sourceTree = "<group>"; };
		12BB6A191B692A0600FC48C3 /* AppDelegate.h */ = {isa = PBXFileReference; lastKnownFileType = sourcecode.c.h; path = AppDelegate.h; sourceTree = "<group>"; };
		12BB6A1A1B692A0600FC48C3 /* AppDelegate.m */ = {isa = PBXFileReference; lastKnownFileType = sourcecode.c.objc; path = AppDelegate.m; sourceTree = "<group>"; };
		12BB6A1C1B692A0600FC48C3 /* ViewController.h */ = {isa = PBXFileReference; lastKnownFileType = sourcecode.c.h; path = ViewController.h; sourceTree = "<group>"; };
		12BB6A1D1B692A0600FC48C3 /* ViewController.m */ = {isa = PBXFileReference; lastKnownFileType = sourcecode.c.objc; path = ViewController.m; sourceTree = "<group>"; };
		12BB6A201B692A0600FC48C3 /* Base */ = {isa = PBXFileReference; lastKnownFileType = file.storyboard; name = Base; path = Base.lproj/Main.storyboard; sourceTree = "<group>"; };
		12BB6A221B692A0600FC48C3 /* Images.xcassets */ = {isa = PBXFileReference; lastKnownFileType = folder.assetcatalog; path = Images.xcassets; sourceTree = "<group>"; };
		12BB6A251B692A0600FC48C3 /* Base */ = {isa = PBXFileReference; lastKnownFileType = file.xib; name = Base; path = Base.lproj/LaunchScreen.xib; sourceTree = "<group>"; };
		12BB6A2B1B692A0600FC48C3 /* SinaStatusTests.xctest */ = {isa = PBXFileReference; explicitFileType = wrapper.cfbundle; includeInIndex = 0; path = SinaStatusTests.xctest; sourceTree = BUILT_PRODUCTS_DIR; };
		12BB6A301B692A0600FC48C3 /* Info.plist */ = {isa = PBXFileReference; lastKnownFileType = text.plist.xml; path = Info.plist; sourceTree = "<group>"; };
		12BB6A311B692A0600FC48C3 /* SinaStatusTests.m */ = {isa = PBXFileReference; lastKnownFileType = sourcecode.c.objc; path = SinaStatusTests.m; sourceTree = "<group>"; };
/* End PBXFileReference section */

/* Begin PBXFrameworksBuildPhase section */
		12BB6A0F1B692A0600FC48C3 /* Frameworks */ = {
			isa = PBXFrameworksBuildPhase;
			buildActionMask = 2147483647;
			files = (
			);
			runOnlyForDeploymentPostprocessing = 0;
		};
		12BB6A281B692A0600FC48C3 /* Frameworks */ = {
			isa = PBXFrameworksBuildPhase;
			buildActionMask = 2147483647;
			files = (
			);
			runOnlyForDeploymentPostprocessing = 0;
		};
/* End PBXFrameworksBuildPhase section */

/* Begin PBXGroup section */
		12BB6A091B692A0600FC48C3 = {
			isa = PBXGroup;
			children = (
				12BB6A141B692A0600FC48C3 /* SinaStatus */,
				12BB6A2E1B692A0600FC48C3 /* SinaStatusTests */,
				12BB6A131B692A0600FC48C3 /* Products */,
			);
			sourceTree = "<group>";
		};
		12BB6A131B692A0600FC48C3 /* Products */ = {
			isa = PBXGroup;
			children = (
				12BB6A121B692A0600FC48C3 /* SinaStatus.app */,
				12BB6A2B1B692A0600FC48C3 /* SinaStatusTests.xctest */,
			);
			name = Products;
			sourceTree = "<group>";
		};
		12BB6A141B692A0600FC48C3 /* SinaStatus */ = {
			isa = PBXGroup;
			children = (
				12BB6A191B692A0600FC48C3 /* AppDelegate.h */,
				12BB6A1A1B692A0600FC48C3 /* AppDelegate.m */,
				12BB6A1C1B692A0600FC48C3 /* ViewController.h */,
				12BB6A1D1B692A0600FC48C3 /* ViewController.m */,
				12BB6A1F1B692A0600FC48C3 /* Main.storyboard */,
				12BB6A221B692A0600FC48C3 /* Images.xcassets */,
				12BB6A241B692A0600FC48C3 /* LaunchScreen.xib */,
				12BB6A151B692A0600FC48C3 /* Supporting Files */,
			);
			path = SinaStatus;
			sourceTree = "<group>";
		};
		12BB6A151B692A0600FC48C3 /* Supporting Files */ = {
			isa = PBXGroup;
			children = (
				12BB6A161B692A0600FC48C3 /* Info.plist */,
				12BB6A171B692A0600FC48C3 /* main.m */,
			);
			name = "Supporting Files";
			sourceTree = "<group>";
		};
		12BB6A2E1B692A0600FC48C3 /* SinaStatusTests */ = {
			isa = PBXGroup;
			children = (
				12BB6A311B692A0600FC48C3 /* SinaStatusTests.m */,
				12BB6A2F1B692A0600FC48C3 /* Supporting Files */,
			);
			path = SinaStatusTests;
			sourceTree = "<group>";
		};
		12BB6A2F1B692A0600FC48C3 /* Supporting Files */ = {
			isa = PBXGroup;
			children = (
				12BB6A301B692A0600FC48C3 /* Info.plist */,
			);
			name = "Supporting Files";
			sourceTree = "<group>";
		};
/* End PBXGroup section */

/* Begin PBXNativeTarget section */
		12BB6A111B692A0600FC48C3 /* SinaStatus */ = {
			isa = PBXNativeTarget;
			buildConfigurationList = 12BB6A351B692A0600FC48C3 /* Build configuration list for PBXNativeTarget "SinaStatus" */;
			buildPhases = (
				12BB6A0E1B692A0600FC48C3 /* Sources */,
				12BB6A0F1B692A0600FC48C3 /* Frameworks */,
				12BB6A101B692A0600FC48C3 /* Resources */,
			);
			buildRules = (
			);
			dependencies = (
			);
			name = SinaStatus;
			productName = SinaStatus;
			productReference = 12BB6A121B692A0600FC48C3 /* SinaStatus.app */;
			productType = "com.apple.product-type.application";
		};
		12BB6A2A1B692A0600FC48C3 /* SinaStatusTests */ = {
			isa = PBXNativeTarget;
			buildConfigurationList = 12BB6A381B692A0600FC48C3 /* Build configuration list for PBXNativeTarget "SinaStatusTests" */;
			buildPhases = (
				12BB6A271B692A0600FC48C3 /* Sources */,
				12BB6A281B692A0600FC48C3 /* Frameworks */,
				12BB6A291B692A0600FC48C3 /* Resources */,
			);
			buildRules = (
			);
			dependencies = (
				12BB6A2D1B692A0600FC48C3 /* PBXTargetDependency */,
			);
			name = SinaStatusTests;
			productName = SinaStatusTests;
			productReference = 12BB6A2B1B692A0600FC48C3 /* SinaStatusTests.xctest */;
			productType = "com.apple.product-type.bundle.unit-test";
		};
/* End PBXNativeTarget section */

/* Begin PBXProject section */
		12BB6A0A1B692A0600FC48C3 /* Project object */ = {
			isa = PBXProject;
			attributes = {
				LastUpgradeCheck = 0640;
				ORGANIZATIONNAME = XLP;
				TargetAttributes = {
					12BB6A111B692A0600FC48C3 = {
						CreatedOnToolsVersion = 6.4;
					};
					12BB6A2A1B692A0600FC48C3 = {
						CreatedOnToolsVersion = 6.4;
						TestTargetID = 12BB6A111B692A0600FC48C3;
					};
				};
			};
			buildConfigurationList = 12BB6A0D1B692A0600FC48C3 /* Build configuration list for PBXProject "SinaStatus" */;
			compatibilityVersion = "Xcode 3.2";
			developmentRegion = English;
			hasScannedForEncodings = 0;
			knownRegions = (
				en,
				Base,
			);
			mainGroup = 12BB6A091B692A0600FC48C3;
			productRefGroup = 12BB6A131B692A0600FC48C3 /* Products */;
			projectDirPath = "";
			projectRoot = "";
			targets = (
				12BB6A111B692A0600FC48C3 /* SinaStatus */,
				12BB6A2A1B692A0600FC48C3 /* SinaStatusTests */,
			);
		};
/* End PBXProject section */

/* Begin PBXResourcesBuildPhase section */
		12BB6A101B692A0600FC48C3 /* Resources */ = {
			isa = PBXResourcesBuildPhase;
			buildActionMask = 2147483647;
			files = (
				12BB6A211B692A0600FC48C3 /* Main.storyboard in Resources */,
				12BB6A261B692A0600FC48C3 /* LaunchScreen.xib in Resources */,
				12BB6A231B692A0600FC48C3 /* Images.xcassets in Resources */,
			);
			runOnlyForDeploymentPostprocessing = 0;
		};
		12BB6A291B692A0600FC48C3 /* Resources */ = {
			isa = PBXResourcesBuildPhase;
			buildActionMask = 2147483647;
			files = (
			);
			runOnlyForDeploymentPostprocessing = 0;
		};
/* End PBXResourcesBuildPhase section */

/* Begin PBXSourcesBuildPhase section */
		12BB6A0E1B692A0600FC48C3 /* Sources */ = {
			isa = PBXSourcesBuildPhase;
			buildActionMask = 2147483647;
			files = (
				12BB6A1E1B692A0600FC48C3 /* ViewController.m in Sources */,
				12BB6A1B1B692A0600FC48C3 /* AppDelegate.m in Sources */,
				12BB6A181B692A0600FC48C3 /* main.m in Sources */,
			);
			runOnlyForDeploymentPostprocessing = 0;
		};
		12BB6A271B692A0600FC48C3 /* Sources */ = {
			isa = PBXSourcesBuildPhase;
			buildActionMask = 2147483647;
			files = (
				12BB6A321B692A0600FC48C3 /* SinaStatusTests.m in Sources */,
			);
			runOnlyForDeploymentPostprocessing = 0;
		};
/* End PBXSourcesBuildPhase section */

/* Begin PBXTargetDependency section */
		12BB6A2D1B692A0600FC48C3 /* PBXTargetDependency */ = {
			isa = PBXTargetDependency;
			target = 12BB6A111B692A0600FC48C3 /* SinaStatus */;
			targetProxy = 12BB6A2C1B692A0600FC48C3 /* PBXContainerItemProxy */;
		};
/* End PBXTargetDependency section */

/* Begin PBXVariantGroup section */
		12BB6A1F1B692A0600FC48C3 /* Main.storyboard */ = {
			isa = PBXVariantGroup;
			children = (
				12BB6A201B692A0600FC48C3 /* Base */,
			);
			name = Main.storyboard;
			sourceTree = "<group>";
		};
		12BB6A241B692A0600FC48C3 /* LaunchScreen.xib */ = {
			isa = PBXVariantGroup;
			children = (
				12BB6A251B692A0600FC48C3 /* Base */,
			);
			name = LaunchScreen.xib;
			sourceTree = "<group>";
		};
/* End PBXVariantGroup section */

/* Begin XCBuildConfiguration section */
		12BB6A331B692A0600FC48C3 /* Debug */ = {
			isa = XCBuildConfiguration;
			buildSettings = {
				ALWAYS_SEARCH_USER_PATHS = NO;
				CLANG_CXX_LANGUAGE_STANDARD = "gnu++0x";
				CLANG_CXX_LIBRARY = "libc++";
				CLANG_ENABLE_MODULES = YES;
				CLANG_ENABLE_OBJC_ARC = YES;
				CLANG_WARN_BOOL_CONVERSION = YES;
				CLANG_WARN_CONSTANT_CONVERSION = YES;
				CLANG_WARN_DIRECT_OBJC_ISA_USAGE = YES_ERROR;
				CLANG_WARN_EMPTY_BODY = YES;
				CLANG_WARN_ENUM_CONVERSION = YES;
				CLANG_WARN_INT_CONVERSION = YES;
				CLANG_WARN_OBJC_ROOT_CLASS = YES_ERROR;
				CLANG_WARN_UNREACHABLE_CODE = YES;
				CLANG_WARN__DUPLICATE_METHOD_MATCH = YES;
				"CODE_SIGN_IDENTITY[sdk=iphoneos*]" = "iPhone Developer";
				COPY_PHASE_STRIP = NO;
				DEBUG_INFORMATION_FORMAT = "dwarf-with-dsym";
				ENABLE_STRICT_OBJC_MSGSEND = YES;
				GCC_C_LANGUAGE_STANDARD = gnu99;
				GCC_DYNAMIC_NO_PIC = NO;
				GCC_NO_COMMON_BLOCKS = YES;
				GCC_OPTIMIZATION_LEVEL = 0;
				GCC_PREPROCESSOR_DEFINITIONS = (
					"DEBUG=1",
					"$(inherited)",
				);
				GCC_SYMBOLS_PRIVATE_EXTERN = NO;
				GCC_WARN_64_TO_32_BIT_CONVERSION = YES;
				GCC_WARN_ABOUT_RETURN_TYPE = YES_ERROR;
				GCC_WARN_UNDECLARED_SELECTOR = YES;
				GCC_WARN_UNINITIALIZED_AUTOS = YES_AGGRESSIVE;
				GCC_WARN_UNUSED_FUNCTION = YES;
				GCC_WARN_UNUSED_VARIABLE = YES;
				IPHONEOS_DEPLOYMENT_TARGET = 8.4;
				MTL_ENABLE_DEBUG_INFO = YES;
				ONLY_ACTIVE_ARCH = YES;
				SDKROOT = iphoneos;
				TARGETED_DEVICE_FAMILY = "1,2";
			};
			name = Debug;
		};
		12BB6A341B692A0600FC48C3 /* Release */ = {
			isa = XCBuildConfiguration;
			buildSettings = {
				ALWAYS_SEARCH_USER_PATHS = NO;
				CLANG_CXX_LANGUAGE_STANDARD = "gnu++0x";
				CLANG_CXX_LIBRARY = "libc++";
				CLANG_ENABLE_MODULES = YES;
				CLANG_ENABLE_OBJC_ARC = YES;
				CLANG_WARN_BOOL_CONVERSION = YES;
				CLANG_WARN_CONSTANT_CONVERSION = YES;
				CLANG_WARN_DIRECT_OBJC_ISA_USAGE = YES_ERROR;
				CLANG_WARN_EMPTY_BODY = YES;
				CLANG_WARN_ENUM_CONVERSION = YES;
				CLANG_WARN_INT_CONVERSION = YES;
				CLANG_WARN_OBJC_ROOT_CLASS = YES_ERROR;
				CLANG_WARN_UNREACHABLE_CODE = YES;
				CLANG_WARN__DUPLICATE_METHOD_MATCH = YES;
				"CODE_SIGN_IDENTITY[sdk=iphoneos*]" = "iPhone Developer";
				COPY_PHASE_STRIP = NO;
				DEBUG_INFORMATION_FORMAT = "dwarf-with-dsym";
				ENABLE_NS_ASSERTIONS = NO;
				ENABLE_STRICT_OBJC_MSGSEND = YES;
				GCC_C_LANGUAGE_STANDARD = gnu99;
				GCC_NO_COMMON_BLOCKS = YES;
				GCC_WARN_64_TO_32_BIT_CONVERSION = YES;
				GCC_WARN_ABOUT_RETURN_TYPE = YES_ERROR;
				GCC_WARN_UNDECLARED_SELECTOR = YES;
				GCC_WARN_UNINITIALIZED_AUTOS = YES_AGGRESSIVE;
				GCC_WARN_UNUSED_FUNCTION = YES;
				GCC_WARN_UNUSED_VARIABLE = YES;
				IPHONEOS_DEPLOYMENT_TARGET = 8.4;
				MTL_ENABLE_DEBUG_INFO = NO;
				SDKROOT = iphoneos;
				TARGETED_DEVICE_FAMILY = "1,2";
				VALIDATE_PRODUCT = YES;
			};
			name = Release;
		};
		12BB6A361B692A0600FC48C3 /* Debug */ = {
			isa = XCBuildConfiguration;
			buildSettings = {
				ASSETCATALOG_COMPILER_APPICON_NAME = AppIcon;
				INFOPLIST_FILE = SinaStatus/Info.plist;
				LD_RUNPATH_SEARCH_PATHS = "$(inherited) @executable_path/Frameworks";
				PRODUCT_NAME = "$(TARGET_NAME)";
			};
			name = Debug;
		};
		12BB6A371B692A0600FC48C3 /* Release */ = {
			isa = XCBuildConfiguration;
			buildSettings = {
				ASSETCATALOG_COMPILER_APPICON_NAME = AppIcon;
				INFOPLIST_FILE = SinaStatus/Info.plist;
				LD_RUNPATH_SEARCH_PATHS = "$(inherited) @executable_path/Frameworks";
				PRODUCT_NAME = "$(TARGET_NAME)";
			};
			name = Release;
		};
		12BB6A391B692A0600FC48C3 /* Debug */ = {
			isa = XCBuildConfiguration;
			buildSettings = {
				BUNDLE_LOADER = "$(TEST_HOST)";
				FRAMEWORK_SEARCH_PATHS = (
					"$(SDKROOT)/Developer/Library/Frameworks",
					"$(inherited)",
				);
				GCC_PREPROCESSOR_DEFINITIONS = (
					"DEBUG=1",
					"$(inherited)",
				);
				INFOPLIST_FILE = SinaStatusTests/Info.plist;
				LD_RUNPATH_SEARCH_PATHS = "$(inherited) @executable_path/Frameworks @loader_path/Frameworks";
				PRODUCT_NAME = "$(TARGET_NAME)";
				TEST_HOST = "$(BUILT_PRODUCTS_DIR)/SinaStatus.app/SinaStatus";
			};
			name = Debug;
		};
		12BB6A3A1B692A0600FC48C3 /* Release */ = {
			isa = XCBuildConfiguration;
			buildSettings = {
				BUNDLE_LOADER = "$(TEST_HOST)";
				FRAMEWORK_SEARCH_PATHS = (
					"$(SDKROOT)/Developer/Library/Frameworks",
					"$(inherited)",
				);
				INFOPLIST_FILE = SinaStatusTests/Info.plist;
				LD_RUNPATH_SEARCH_PATHS = "$(inherited) @executable_path/Frameworks @loader_path/Frameworks";
				PRODUCT_NAME = "$(TARGET_NAME)";
				TEST_HOST = "$(BUILT_PRODUCTS_DIR)/SinaStatus.app/SinaStatus";
			};
			name = Release;
		};
/* End XCBuildConfiguration section */

/* Begin XCConfigurationList section */
		12BB6A0D1B692A0600FC48C3 /* Build configuration list for PBXProject "SinaStatus" */ = {
			isa = XCConfigurationList;
			buildConfigurations = (
				12BB6A331B692A0600FC48C3 /* Debug */,
				12BB6A341B692A0600FC48C3 /* Release */,
			);
			defaultConfigurationIsVisible = 0;
			defaultConfigurationName = Release;
		};
		12BB6A351B692A0600FC48C3 /* Build configuration list for PBXNativeTarget "SinaStatus" */ = {
			isa = XCConfigurationList;
			buildConfigurations = (
				12BB6A361B692A0600FC48C3 /* Debug */,
				12BB6A371B692A0600FC48C3 /* Release */,
			);
			defaultConfigurationIsVisible = 0;
		};
		12BB6A381B692A0600FC48C3 /* Build configuration list for PBXNativeTarget "SinaStatusTests" */ = {
			isa = XCConfigurationList;
			buildConfigurations = (
				12BB6A391B692A0600FC48C3 /* Debug */,
				12BB6A3A1B692A0600FC48C3 /* Release */,
			);
			defaultConfigurationIsVisible = 0;
		};
/* End XCConfigurationList section */
	};
	rootObject = 12BB6A0A1B692A0600FC48C3 /* Project object */;
}
